
Microsoft Visual Studio Solution File, Format Version 12.00
Project("{F2A71F9B-5D33-465A-A702-920D77279786}") = "aoc2021", "aoc2021.fsproj", "{7CC861F3-A59F-4EC3-98A7-CBAACA39B264}"
EndProject
Global
	GlobalSection(SolutionConfigurationPlatforms) = preSolution
		Debug|Any CPU = Debug|Any CPU
		Release|Any CPU = Release|Any CPU
	EndGlobalSection
	GlobalSection(ProjectConfigurationPlatforms) = postSolution
		{7CC861F3-A59F-4EC3-98A7-CBAACA39B264}.Debug|Any CPU.ActiveCfg = Debug|Any CPU
		{7CC861F3-A59F-4EC3-98A7-CBAACA39B264}.Debug|Any CPU.Build.0 = Debug|Any CPU
		{7CC861F3-A59F-4EC3-98A7-CBAACA39B264}.Release|Any CPU.ActiveCfg = Release|Any CPU
		{7CC861F3-A59F-4EC3-98A7-CBAACA39B264}.Release|Any CPU.Build.0 = Release|Any CPU
	EndGlobalSection
EndGlobal
